
Microsoft Visual Studio Solution File, Format Version 12.00
# Visual Studio Version 17
VisualStudioVersion = 17.0.31903.59
MinimumVisualStudioVersion = 10.0.40219.1
Project("{2150E333-8FDC-42A3-9474-1A3956D46DE8}") = "server", "server", "{DAD03CFC-D5FA-AC94-41C7-9ABAB326F09E}"
EndProject
Project("{FAE04EC0-301F-11D3-BF4B-00C04F79EFBC}") = "CSharpLearningServer", "server\CSharpLearningServer.csproj", "{5588D7E3-46E5-47C1-B96A-F8C7328F5FDB}"
EndProject
Project("{2150E333-8FDC-42A3-9474-1A3956D46DE8}") = "tests", "tests", "{F6418E52-5FE5-8182-075E-77FED2B86FC9}"
EndProject
Project("{FAE04EC0-301F-11D3-BF4B-00C04F79EFBC}") = "CSharpLearningServer.Tests", "server\tests\CSharpLearningServer.Tests\CSharpLearningServer.Tests.csproj", "{32067FE4-34AB-4280-81BC-66CB397A369B}"
EndProject
Global
	GlobalSection(SolutionConfigurationPlatforms) = preSolution
		Debug|Any CPU = Debug|Any CPU
		Debug|x64 = Debug|x64
		Debug|x86 = Debug|x86
		Release|Any CPU = Release|Any CPU
		Release|x64 = Release|x64
		Release|x86 = Release|x86
	EndGlobalSection
	GlobalSection(ProjectConfigurationPlatforms) = postSolution
		{5588D7E3-46E5-47C1-B96A-F8C7328F5FDB}.Debug|Any CPU.ActiveCfg = Debug|Any CPU
		{5588D7E3-46E5-47C1-B96A-F8C7328F5FDB}.Debug|Any CPU.Build.0 = Debug|Any CPU
		{5588D7E3-46E5-47C1-B96A-F8C7328F5FDB}.Debug|x64.ActiveCfg = Debug|Any CPU
		{5588D7E3-46E5-47C1-B96A-F8C7328F5FDB}.Debug|x64.Build.0 = Debug|Any CPU
		{5588D7E3-46E5-47C1-B96A-F8C7328F5FDB}.Debug|x86.ActiveCfg = Debug|Any CPU
		{5588D7E3-46E5-47C1-B96A-F8C7328F5FDB}.Debug|x86.Build.0 = Debug|Any CPU
		{5588D7E3-46E5-47C1-B96A-F8C7328F5FDB}.Release|Any CPU.ActiveCfg = Release|Any CPU
		{5588D7E3-46E5-47C1-B96A-F8C7328F5FDB}.Release|Any CPU.Build.0 = Release|Any CPU
		{5588D7E3-46E5-47C1-B96A-F8C7328F5FDB}.Release|x64.ActiveCfg = Release|Any CPU
		{5588D7E3-46E5-47C1-B96A-F8C7328F5FDB}.Release|x64.Build.0 = Release|Any CPU
		{5588D7E3-46E5-47C1-B96A-F8C7328F5FDB}.Release|x86.ActiveCfg = Release|Any CPU
		{5588D7E3-46E5-47C1-B96A-F8C7328F5FDB}.Release|x86.Build.0 = Release|Any CPU
		{32067FE4-34AB-4280-81BC-66CB397A369B}.Debug|Any CPU.ActiveCfg = Debug|Any CPU
		{32067FE4-34AB-4280-81BC-66CB397A369B}.Debug|Any CPU.Build.0 = Debug|Any CPU
		{32067FE4-34AB-4280-81BC-66CB397A369B}.Debug|x64.ActiveCfg = Debug|Any CPU
		{32067FE4-34AB-4280-81BC-66CB397A369B}.Debug|x64.Build.0 = Debug|Any CPU
		{32067FE4-34AB-4280-81BC-66CB397A369B}.Debug|x86.ActiveCfg = Debug|Any CPU
		{32067FE4-34AB-4280-81BC-66CB397A369B}.Debug|x86.Build.0 = Debug|Any CPU
		{32067FE4-34AB-4280-81BC-66CB397A369B}.Release|Any CPU.ActiveCfg = Release|Any CPU
		{32067FE4-34AB-4280-81BC-66CB397A369B}.Release|Any CPU.Build.0 = Release|Any CPU
		{32067FE4-34AB-4280-81BC-66CB397A369B}.Release|x64.ActiveCfg = Release|Any CPU
		{32067FE4-34AB-4280-81BC-66CB397A369B}.Release|x64.Build.0 = Release|Any CPU
		{32067FE4-34AB-4280-81BC-66CB397A369B}.Release|x86.ActiveCfg = Release|Any CPU
		{32067FE4-34AB-4280-81BC-66CB397A369B}.Release|x86.Build.0 = Release|Any CPU
	EndGlobalSection
	GlobalSection(SolutionProperties) = preSolution
		HideSolutionNode = FALSE
	EndGlobalSection
	GlobalSection(NestedProjects) = preSolution
		{5588D7E3-46E5-47C1-B96A-F8C7328F5FDB} = {DAD03CFC-D5FA-AC94-41C7-9ABAB326F09E}
		{F6418E52-5FE5-8182-075E-77FED2B86FC9} = {DAD03CFC-D5FA-AC94-41C7-9ABAB326F09E}
		{32067FE4-34AB-4280-81BC-66CB397A369B} = {F6418E52-5FE5-8182-075E-77FED2B86FC9}
	EndGlobalSection
EndGlobal
